
Microsoft Visual Studio Solution File, Format Version 12.00
# Visual Studio Version 17
VisualStudioVersion = 17.4.33122.133
MinimumVisualStudioVersion = 10.0.40219.1
Project("{FAE04EC0-301F-11D3-BF4B-00C04F79EFBC}") = "lanscan", "LAN Scan 3\lanscan.csproj", "{4964304E-7595-4367-A5F0-97342757E813}"
EndProject
Project("{FAE04EC0-301F-11D3-BF4B-00C04F79EFBC}") = "NetworkShares", "NetworkShares\NetworkShares.csproj", "{46E4228B-AC4F-4693-A325-95A737040EA5}"
EndProject
Project("{FAE04EC0-301F-11D3-BF4B-00C04F79EFBC}") = "Updater", "Updater\Updater.csproj", "{6B3D4E85-AAA2-468C-981E-00A49B051AEB}"
EndProject
Global
	GlobalSection(SolutionConfigurationPlatforms) = preSolution
		Debug|Any CPU = Debug|Any CPU
		Release|Any CPU = Release|Any CPU
	EndGlobalSection
	GlobalSection(ProjectConfigurationPlatforms) = postSolution
		{4964304E-7595-4367-A5F0-97342757E813}.Debug|Any CPU.ActiveCfg = Debug|Any CPU
		{4964304E-7595-4367-A5F0-97342757E813}.Debug|Any CPU.Build.0 = Debug|Any CPU
		{4964304E-7595-4367-A5F0-97342757E813}.Release|Any CPU.ActiveCfg = Release|Any CPU
		{4964304E-7595-4367-A5F0-97342757E813}.Release|Any CPU.Build.0 = Release|Any CPU
		{46E4228B-AC4F-4693-A325-95A737040EA5}.Debug|Any CPU.ActiveCfg = Debug|Any CPU
		{46E4228B-AC4F-4693-A325-95A737040EA5}.Debug|Any CPU.Build.0 = Debug|Any CPU
		{46E4228B-AC4F-4693-A325-95A737040EA5}.Release|Any CPU.ActiveCfg = Release|Any CPU
		{46E4228B-AC4F-4693-A325-95A737040EA5}.Release|Any CPU.Build.0 = Release|Any CPU
		{6B3D4E85-AAA2-468C-981E-00A49B051AEB}.Debug|Any CPU.ActiveCfg = Debug|Any CPU
		{6B3D4E85-AAA2-468C-981E-00A49B051AEB}.Debug|Any CPU.Build.0 = Debug|Any CPU
		{6B3D4E85-AAA2-468C-981E-00A49B051AEB}.Release|Any CPU.ActiveCfg = Release|Any CPU
		{6B3D4E85-AAA2-468C-981E-00A49B051AEB}.Release|Any CPU.Build.0 = Release|Any CPU
	EndGlobalSection
	GlobalSection(SolutionProperties) = preSolution
		HideSolutionNode = FALSE
	EndGlobalSection
	GlobalSection(ExtensibilityGlobals) = postSolution
		SolutionGuid = {5F24D3B7-55F8-4C2C-9D69-A66BB10AAF8B}
	EndGlobalSection
EndGlobal
